
Microsoft Visual Studio Solution File, Format Version 12.00
# Visual Studio 15
VisualStudioVersion = 15.0.28010.2046
MinimumVisualStudioVersion = 10.0.40219.1
Project("{FAE04EC0-301F-11D3-BF4B-00C04F79EFBC}") = "ExelToDSTV", "ExelToDSTV\ExelToDSTV.csproj", "{F90A180E-F56E-4C57-9BD2-E4BD921BD30C}"
EndProject
Global
	GlobalSection(SolutionConfigurationPlatforms) = preSolution
		Debug|Any CPU = Debug|Any CPU
		Release|Any CPU = Release|Any CPU
	EndGlobalSection
	GlobalSection(ProjectConfigurationPlatforms) = postSolution
		{F90A180E-F56E-4C57-9BD2-E4BD921BD30C}.Debug|Any CPU.ActiveCfg = Debug|Any CPU
		{F90A180E-F56E-4C57-9BD2-E4BD921BD30C}.Debug|Any CPU.Build.0 = Debug|Any CPU
		{F90A180E-F56E-4C57-9BD2-E4BD921BD30C}.Release|Any CPU.ActiveCfg = Release|Any CPU
		{F90A180E-F56E-4C57-9BD2-E4BD921BD30C}.Release|Any CPU.Build.0 = Release|Any CPU
	EndGlobalSection
	GlobalSection(SolutionProperties) = preSolution
		HideSolutionNode = FALSE
	EndGlobalSection
	GlobalSection(ExtensibilityGlobals) = postSolution
		SolutionGuid = {CCFDBC00-400F-4142-AD75-EDAA6DC0A6EB}
	EndGlobalSection
EndGlobal
